PODS:
  - Expecta (1.0.5)
  - Expecta+Snapshots (3.0.0):
    - Expecta (~> 1.0)
    - FBSnapshotTestCase/Core (~> 2.0)
    - Specta (~> 1.0)
  - FBSnapshotTestCase/Core (2.1.1)
  - jot (0.1.5):
    - Masonry (~> 0.6.1)
  - Masonry (0.6.4)
  - OCHamcrest (5.4.0)
  - OCMockito (3.0.1):
    - OCHamcrest (~> 5.1)
  - Specta (1.0.5)

DEPENDENCIES:
  - Expecta
  - Expecta+Snapshots
  - jot (from `../jot.podspec`)
  - OCMockito
  - Specta

EXTERNAL SOURCES:
  jot:
    :path: "../jot.podspec"

SPEC CHECKSUMS:
  Expecta: e1c022fcd33910b6be89c291d2775b3fe27a89fe
  Expecta+Snapshots: c343f410c7a6392f3e22e78f94c44b6c0749a516
  FBSnapshotTestCase: 432afd8d059ccef7f207225894840a03fbcf7474
  jot: 0f5dc333defa6ad805d01adc3834b201c22510a7
  Masonry: 281802d04d787ea2973179ee8bcb50500579ede2
  OCHamcrest: 5c1d441c5a82fb18ac17c2aeb52ec1a99edb971b
  OCMockito: 9eee3c61e42f7cb8aa015d66f8cc16849701d973
  Specta: ac94d110b865115fe60ff2c6d7281053c6f8e8a2

PODFILE CHECKSUM: a7794cf037c01af9d2e08f4c6a2bdd51b8b88245

COCOAPODS: 1.2.0
